
Microsoft Visual Studio Solution File, Format Version 12.00
# Visual Studio Version 16
VisualStudioVersion = 16.0.30621.155
MinimumVisualStudioVersion = 10.0.40219.1
Project("{FAE04EC0-301F-11D3-BF4B-00C04F79EFBC}") = "Gt bank Question 4", "Gt bank Question 4.csproj", "{77611ABE-7155-4238-847B-B10697689F65}"
EndProject
Global
	GlobalSection(SolutionConfigurationPlatforms) = preSolution
		Debug|Any CPU = Debug|Any CPU
		Release|Any CPU = Release|Any CPU
	EndGlobalSection
	GlobalSection(ProjectConfigurationPlatforms) = postSolution
		{77611ABE-7155-4238-847B-B10697689F65}.Debug|Any CPU.ActiveCfg = Debug|Any CPU
		{77611ABE-7155-4238-847B-B10697689F65}.Debug|Any CPU.Build.0 = Debug|Any CPU
		{77611ABE-7155-4238-847B-B10697689F65}.Release|Any CPU.ActiveCfg = Release|Any CPU
		{77611ABE-7155-4238-847B-B10697689F65}.Release|Any CPU.Build.0 = Release|Any CPU
	EndGlobalSection
	GlobalSection(SolutionProperties) = preSolution
		HideSolutionNode = FALSE
	EndGlobalSection
	GlobalSection(ExtensibilityGlobals) = postSolution
		SolutionGuid = {15D0D7A8-C6A1-4CEE-98A2-2DA72A201007}
	EndGlobalSection
EndGlobal
